// !$*UTF8*$!
{
	archiveVersion = 1;
	classes = {
	};
	objectVersion = 46;
	objects = {

/* Begin PBXBuildFile section */
		5890003C040C3750F45E054B /* libPods.a in Frameworks */ = {isa = PBXBuildFile; fileRef = D593059EE3A6088247D25F8C /* libPods.a */; };
		72FE5B1D1C58EDCE00C804F3 /* main.m in Sources */ = {isa = PBXBuildFile; fileRef = 72FE5B1C1C58EDCE00C804F3 /* main.m */; };
		72FE5B201C58EDCE00C804F3 /* AppDelegate.m in Sources */ = {isa = PBXBuildFile; fileRef = 72FE5B1F1C58EDCE00C804F3 /* AppDelegate.m */; };
		72FE5B231C58EDCE00C804F3 /* MasterViewController.m in Sources */ = {isa = PBXBuildFile; fileRef = 72FE5B221C58EDCE00C804F3 /* MasterViewController.m */; };
		72FE5B261C58EDCE00C804F3 /* DetailViewController.m in Sources */ = {isa = PBXBuildFile; fileRef = 72FE5B251C58EDCE00C804F3 /* DetailViewController.m */; };
		72FE5B291C58EDCF00C804F3 /* Main.storyboard in Resources */ = {isa = PBXBuildFile; fileRef = 72FE5B271C58EDCF00C804F3 /* Main.storyboard */; };
		72FE5B2B1C58EDCF00C804F3 /* Assets.xcassets in Resources */ = {isa = PBXBuildFile; fileRef = 72FE5B2A1C58EDCF00C804F3 /* Assets.xcassets */; };
		72FE5B2E1C58EDCF00C804F3 /* LaunchScreen.storyboard in Resources */ = {isa = PBXBuildFile; fileRef = 72FE5B2C1C58EDCF00C804F3 /* LaunchScreen.storyboard */; };
		72FE5B5C1C58F75700C804F3 /* AbstractTransport.m in Sources */ = {isa = PBXBuildFile; fileRef = 72FE5B501C58F75700C804F3 /* AbstractTransport.m */; };
		72FE5B5D1C58F75700C804F3 /* AbstractCache.m in Sources */ = {isa = PBXBuildFile; fileRef = 72FE5B531C58F75700C804F3 /* AbstractCache.m */; };
		72FE5B5E1C58F75700C804F3 /* AbstractEntityService.m in Sources */ = {isa = PBXBuildFile; fileRef = 72FE5B551C58F75700C804F3 /* AbstractEntityService.m */; };
		72FE5B5F1C58F75700C804F3 /* AbstractParser.m in Sources */ = {isa = PBXBuildFile; fileRef = 72FE5B571C58F75700C804F3 /* AbstractParser.m */; };
		72FE5B601C58F75700C804F3 /* AbstractSerializer.m in Sources */ = {isa = PBXBuildFile; fileRef = 72FE5B591C58F75700C804F3 /* AbstractSerializer.m */; };
		72FE5B611C58F75700C804F3 /* ServiceLayer.m in Sources */ = {isa = PBXBuildFile; fileRef = 72FE5B5B1C58F75700C804F3 /* ServiceLayer.m */; };
		72FE5B641C58F82900C804F3 /* Constants.m in Sources */ = {isa = PBXBuildFile; fileRef = 72FE5B631C58F82900C804F3 /* Constants.m */; };
		72FE5B661C58FE2700C804F3 /* VenueTests.m in Sources */ = {isa = PBXBuildFile; fileRef = 72FE5B651C58FE2700C804F3 /* VenueTests.m */; };
		72FE5B6B1C58FECD00C804F3 /* CoreDataStack.m in Sources */ = {isa = PBXBuildFile; fileRef = 72FE5B6A1C58FECD00C804F3 /* CoreDataStack.m */; };
		72FE5B6E1C58FEF100C804F3 /* Model.xcdatamodeld in Sources */ = {isa = PBXBuildFile; fileRef = 72FE5B6C1C58FEF100C804F3 /* Model.xcdatamodeld */; };
		72FE5B711C59017600C804F3 /* ServiceRegistry.m in Sources */ = {isa = PBXBuildFile; fileRef = 72FE5B701C59017600C804F3 /* ServiceRegistry.m */; };
		72FE5B731C5902AF00C804F3 /* ServiceRegistryTests.m in Sources */ = {isa = PBXBuildFile; fileRef = 72FE5B721C5902AF00C804F3 /* ServiceRegistryTests.m */; };
		72FE5B781C59062E00C804F3 /* Venue+CoreDataProperties.m in Sources */ = {isa = PBXBuildFile; fileRef = 72FE5B751C59062E00C804F3 /* Venue+CoreDataProperties.m */; };
		72FE5B791C59062F00C804F3 /* Venue+CoreDataProperties.m in Sources */ = {isa = PBXBuildFile; fileRef = 72FE5B751C59062E00C804F3 /* Venue+CoreDataProperties.m */; };
		72FE5B7A1C59062F00C804F3 /* Venue.m in Sources */ = {isa = PBXBuildFile; fileRef = 72FE5B771C59062E00C804F3 /* Venue.m */; };
		72FE5B7B1C59062F00C804F3 /* Venue.m in Sources */ = {isa = PBXBuildFile; fileRef = 72FE5B771C59062E00C804F3 /* Venue.m */; };
		72FE5B801C590AF400C804F3 /* Location+CoreDataProperties.m in Sources */ = {isa = PBXBuildFile; fileRef = 72FE5B7D1C590AF400C804F3 /* Location+CoreDataProperties.m */; };
		72FE5B811C590AF400C804F3 /* Location+CoreDataProperties.m in Sources */ = {isa = PBXBuildFile; fileRef = 72FE5B7D1C590AF400C804F3 /* Location+CoreDataProperties.m */; };
		72FE5B821C590AF400C804F3 /* Location.m in Sources */ = {isa = PBXBuildFile; fileRef = 72FE5B7F1C590AF400C804F3 /* Location.m */; };
		72FE5B831C590AF400C804F3 /* Location.m in Sources */ = {isa = PBXBuildFile; fileRef = 72FE5B7F1C590AF400C804F3 /* Location.m */; };
		72FE5B851C590C4200C804F3 /* LocationTests.m in Sources */ = {isa = PBXBuildFile; fileRef = 72FE5B841C590C4200C804F3 /* LocationTests.m */; };
		72FE5B871C59107A00C804F3 /* PhotoTests.m in Sources */ = {isa = PBXBuildFile; fileRef = 72FE5B861C59107A00C804F3 /* PhotoTests.m */; };
		72FE5B891C59109800C804F3 /* PhotoGroupTests.m in Sources */ = {isa = PBXBuildFile; fileRef = 72FE5B881C59109800C804F3 /* PhotoGroupTests.m */; };
		72FE5B8B1C5910AD00C804F3 /* PhotoItemsTests.m in Sources */ = {isa = PBXBuildFile; fileRef = 72FE5B8A1C5910AD00C804F3 /* PhotoItemsTests.m */; };
		72FE5B901C59118400C804F3 /* Photo+CoreDataProperties.m in Sources */ = {isa = PBXBuildFile; fileRef = 72FE5B8D1C59118400C804F3 /* Photo+CoreDataProperties.m */; };
		72FE5B911C59118400C804F3 /* Photo+CoreDataProperties.m in Sources */ = {isa = PBXBuildFile; fileRef = 72FE5B8D1C59118400C804F3 /* Photo+CoreDataProperties.m */; };
		72FE5B921C59118400C804F3 /* Photo.m in Sources */ = {isa = PBXBuildFile; fileRef = 72FE5B8F1C59118400C804F3 /* Photo.m */; };
		72FE5B931C59118400C804F3 /* Photo.m in Sources */ = {isa = PBXBuildFile; fileRef = 72FE5B8F1C59118400C804F3 /* Photo.m */; };
		72FE5B9C1C591A4600C804F3 /* PhotoItem+CoreDataProperties.m in Sources */ = {isa = PBXBuildFile; fileRef = 72FE5B951C591A4600C804F3 /* PhotoItem+CoreDataProperties.m */; };
		72FE5B9D1C591A4600C804F3 /* PhotoItem+CoreDataProperties.m in Sources */ = {isa = PBXBuildFile; fileRef = 72FE5B951C591A4600C804F3 /* PhotoItem+CoreDataProperties.m */; };
		72FE5B9E1C591A4600C804F3 /* PhotoItem.m in Sources */ = {isa = PBXBuildFile; fileRef = 72FE5B971C591A4600C804F3 /* PhotoItem.m */; };
		72FE5B9F1C591A4600C804F3 /* PhotoItem.m in Sources */ = {isa = PBXBuildFile; fileRef = 72FE5B971C591A4600C804F3 /* PhotoItem.m */; };
		72FE5BA01C591A4600C804F3 /* PhotoGroup+CoreDataProperties.m in Sources */ = {isa = PBXBuildFile; fileRef = 72FE5B991C591A4600C804F3 /* PhotoGroup+CoreDataProperties.m */; };
		72FE5BA11C591A4600C804F3 /* PhotoGroup+CoreDataProperties.m in Sources */ = {isa = PBXBuildFile; fileRef = 72FE5B991C591A4600C804F3 /* PhotoGroup+CoreDataProperties.m */; };
		72FE5BA21C591A4600C804F3 /* PhotoGroup.m in Sources */ = {isa = PBXBuildFile; fileRef = 72FE5B9B1C591A4600C804F3 /* PhotoGroup.m */; };
		72FE5BA31C591A4600C804F3 /* PhotoGroup.m in Sources */ = {isa = PBXBuildFile; fileRef = 72FE5B9B1C591A4600C804F3 /* PhotoGroup.m */; };
		72FE5BA51C5AAF3F00C804F3 /* VenueCreationWorkflowTests.m in Sources */ = {isa = PBXBuildFile; fileRef = 72FE5BA41C5AAF3F00C804F3 /* VenueCreationWorkflowTests.m */; };
		72FE5BB91C5ABBBF00C804F3 /* VenueService.m in Sources */ = {isa = PBXBuildFile; fileRef = 72FE5BB81C5ABBBF00C804F3 /* VenueService.m */; };
		72FE5BBA1C5ABBBF00C804F3 /* VenueService.m in Sources */ = {isa = PBXBuildFile; fileRef = 72FE5BB81C5ABBBF00C804F3 /* VenueService.m */; };
		72FE5BBD1C5ABBDA00C804F3 /* VenueCache.m in Sources */ = {isa = PBXBuildFile; fileRef = 72FE5BBC1C5ABBDA00C804F3 /* VenueCache.m */; };
		72FE5BBE1C5ABBDA00C804F3 /* VenueCache.m in Sources */ = {isa = PBXBuildFile; fileRef = 72FE5BBC1C5ABBDA00C804F3 /* VenueCache.m */; };
		72FE5BC11C5ABBF100C804F3 /* VenueTransport.m in Sources */ = {isa = PBXBuildFile; fileRef = 72FE5BC01C5ABBF100C804F3 /* VenueTransport.m */; };
		72FE5BC21C5ABBF100C804F3 /* VenueTransport.m in Sources */ = {isa = PBXBuildFile; fileRef = 72FE5BC01C5ABBF100C804F3 /* VenueTransport.m */; };
		72FE5BC51C5ABC0F00C804F3 /* VenueParser.m in Sources */ = {isa = PBXBuildFile; fileRef = 72FE5BC41C5ABC0F00C804F3 /* VenueParser.m */; };
		72FE5BC61C5ABC0F00C804F3 /* VenueParser.m in Sources */ = {isa = PBXBuildFile; fileRef = 72FE5BC41C5ABC0F00C804F3 /* VenueParser.m */; };
		72FE5BCA1C5ABD0900C804F3 /* MockVenueServiceDelegate.m in Sources */ = {isa = PBXBuildFile; fileRef = 72FE5BC91C5ABD0900C804F3 /* MockVenueServiceDelegate.m */; };
		72FE5BCB1C5ABD0900C804F3 /* MockVenueServiceDelegate.m in Sources */ = {isa = PBXBuildFile; fileRef = 72FE5BC91C5ABD0900C804F3 /* MockVenueServiceDelegate.m */; };
		72FE5BCE1C5ABD5C00C804F3 /* MockVenueTransport.m in Sources */ = {isa = PBXBuildFile; fileRef = 72FE5BCD1C5ABD5C00C804F3 /* MockVenueTransport.m */; };
		72FE5BCF1C5ABD5C00C804F3 /* MockVenueTransport.m in Sources */ = {isa = PBXBuildFile; fileRef = 72FE5BCD1C5ABD5C00C804F3 /* MockVenueTransport.m */; };
		72FE5BD21C5ACBB600C804F3 /* MockVenueParser.m in Sources */ = {isa = PBXBuildFile; fileRef = 72FE5BD11C5ACBB600C804F3 /* MockVenueParser.m */; };
		72FE5BD31C5ACBB600C804F3 /* MockVenueParser.m in Sources */ = {isa = PBXBuildFile; fileRef = 72FE5BD11C5ACBB600C804F3 /* MockVenueParser.m */; };
		72FE5BD51C5B9E5D00C804F3 /* VenueParserTests.m in Sources */ = {isa = PBXBuildFile; fileRef = 72FE5BD41C5B9E5D00C804F3 /* VenueParserTests.m */; };
		72FE5BD91C5BAF7C00C804F3 /* venueJSON.json in Resources */ = {isa = PBXBuildFile; fileRef = 72FE5BD81C5BAF7C00C804F3 /* venueJSON.json */; };
		72FE5BDB1C5CAD2800C804F3 /* venuesJSON.json in Resources */ = {isa = PBXBuildFile; fileRef = 72FE5BDA1C5CAD2800C804F3 /* venuesJSON.json */; };
/* End PBXBuildFile section */

/* Begin PBXContainerItemProxy section */
		72FE5B351C58EDCF00C804F3 /* PBXContainerItemProxy */ = {
			isa = PBXContainerItemProxy;
			containerPortal = 72FE5B101C58EDCE00C804F3 /* Project object */;
			proxyType = 1;
			remoteGlobalIDString = 72FE5B171C58EDCE00C804F3;
			remoteInfo = Forsquare;
		};
/* End PBXContainerItemProxy section */

/* Begin PBXFileReference section */
		010DB9C87803CCC45440C8D1 /* Pods.release.xcconfig */ = {isa = PBXFileReference; includeInIndex = 1; lastKnownFileType = text.xcconfig; name = Pods.release.xcconfig; path = "Pods/Target Support Files/Pods/Pods.release.xcconfig"; sourceTree = "<group>"; };
		5057D7A736C541CAF30DFF2F /* Pods.debug.xcconfig */ = {isa = PBXFileReference; includeInIndex = 1; lastKnownFileType = text.xcconfig; name = Pods.debug.xcconfig; path = "Pods/Target Support Files/Pods/Pods.debug.xcconfig"; sourceTree = "<group>"; };
		72FE5B181C58EDCE00C804F3 /* Forsquare.app */ = {isa = PBXFileReference; explicitFileType = wrapper.application; includeInIndex = 0; path = Forsquare.app; sourceTree = BUILT_PRODUCTS_DIR; };
		72FE5B1C1C58EDCE00C804F3 /* main.m */ = {isa = PBXFileReference; lastKnownFileType = sourcecode.c.objc; path = main.m; sourceTree = "<group>"; };
		72FE5B1E1C58EDCE00C804F3 /* AppDelegate.h */ = {isa = PBXFileReference; lastKnownFileType = sourcecode.c.h; path = AppDelegate.h; sourceTree = "<group>"; };
		72FE5B1F1C58EDCE00C804F3 /* AppDelegate.m */ = {isa = PBXFileReference; lastKnownFileType = sourcecode.c.objc; path = AppDelegate.m; sourceTree = "<group>"; };
		72FE5B211C58EDCE00C804F3 /* MasterViewController.h */ = {isa = PBXFileReference; lastKnownFileType = sourcecode.c.h; path = MasterViewController.h; sourceTree = "<group>"; };
		72FE5B221C58EDCE00C804F3 /* MasterViewController.m */ = {isa = PBXFileReference; lastKnownFileType = sourcecode.c.objc; path = MasterViewController.m; sourceTree = "<group>"; };
		72FE5B241C58EDCE00C804F3 /* DetailViewController.h */ = {isa = PBXFileReference; lastKnownFileType = sourcecode.c.h; path = DetailViewController.h; sourceTree = "<group>"; };
		72FE5B251C58EDCE00C804F3 /* DetailViewController.m */ = {isa = PBXFileReference; lastKnownFileType = sourcecode.c.objc; path = DetailViewController.m; sourceTree = "<group>"; };
		72FE5B281C58EDCF00C804F3 /* Base */ = {isa = PBXFileReference; lastKnownFileType = file.storyboard; name = Base; path = Base.lproj/Main.storyboard; sourceTree = "<group>"; };
		72FE5B2A1C58EDCF00C804F3 /* Assets.xcassets */ = {isa = PBXFileReference; lastKnownFileType = folder.assetcatalog; path = Assets.xcassets; sourceTree = "<group>"; };
		72FE5B2D1C58EDCF00C804F3 /* Base */ = {isa = PBXFileReference; lastKnownFileType = file.storyboard; name = Base; path = Base.lproj/LaunchScreen.storyboard; sourceTree = "<group>"; };
		72FE5B2F1C58EDCF00C804F3 /* Info.plist */ = {isa = PBXFileReference; lastKnownFileType = text.plist.xml; path = Info.plist; sourceTree = "<group>"; };
		72FE5B341C58EDCF00C804F3 /* ForsquareTests.xctest */ = {isa = PBXFileReference; explicitFileType = wrapper.cfbundle; includeInIndex = 0; path = ForsquareTests.xctest; sourceTree = BUILT_PRODUCTS_DIR; };
		72FE5B3A1C58EDCF00C804F3 /* Info.plist */ = {isa = PBXFileReference; lastKnownFileType = text.plist.xml; path = Info.plist; sourceTree = "<group>"; };
		72FE5B501C58F75700C804F3 /* AbstractTransport.m */ = {isa = PBXFileReference; fileEncoding = 4; lastKnownFileType = sourcecode.c.objc; name = AbstractTransport.m; path = Classes/BusinessLogic/ServiceLayer/AbstractTransport.m; sourceTree = "<group>"; };
		72FE5B511C58F75700C804F3 /* AbstractTransport.h */ = {isa = PBXFileReference; fileEncoding = 4; lastKnownFileType = sourcecode.c.h; name = AbstractTransport.h; path = Classes/BusinessLogic/ServiceLayer/AbstractTransport.h; sourceTree = "<group>"; };
		72FE5B521C58F75700C804F3 /* AbstractCache.h */ = {isa = PBXFileReference; fileEncoding = 4; lastKnownFileType = sourcecode.c.h; name = AbstractCache.h; path = Classes/BusinessLogic/ServiceLayer/AbstractCache.h; sourceTree = "<group>"; };
		72FE5B531C58F75700C804F3 /* AbstractCache.m */ = {isa = PBXFileReference; fileEncoding = 4; lastKnownFileType = sourcecode.c.objc; name = AbstractCache.m; path = Classes/BusinessLogic/ServiceLayer/AbstractCache.m; sourceTree = "<group>"; };
		72FE5B541C58F75700C804F3 /* AbstractEntityService.h */ = {isa = PBXFileReference; fileEncoding = 4; lastKnownFileType = sourcecode.c.h; name = AbstractEntityService.h; path = Classes/BusinessLogic/ServiceLayer/AbstractEntityService.h; sourceTree = "<group>"; };
		72FE5B551C58F75700C804F3 /* AbstractEntityService.m */ = {isa = PBXFileReference; fileEncoding = 4; lastKnownFileType = sourcecode.c.objc; name = AbstractEntityService.m; path = Classes/BusinessLogic/ServiceLayer/AbstractEntityService.m; sourceTree = "<group>"; };
		72FE5B561C58F75700C804F3 /* AbstractParser.h */ = {isa = PBXFileReference; fileEncoding = 4; lastKnownFileType = sourcecode.c.h; name = AbstractParser.h; path = Classes/BusinessLogic/ServiceLayer/AbstractParser.h; sourceTree = "<group>"; };
		72FE5B571C58F75700C804F3 /* AbstractParser.m */ = {isa = PBXFileReference; fileEncoding = 4; lastKnownFileType = sourcecode.c.objc; name = AbstractParser.m; path = Classes/BusinessLogic/ServiceLayer/AbstractParser.m; sourceTree = "<group>"; };
		72FE5B581C58F75700C804F3 /* AbstractSerializer.h */ = {isa = PBXFileReference; fileEncoding = 4; lastKnownFileType = sourcecode.c.h; name = AbstractSerializer.h; path = Classes/BusinessLogic/ServiceLayer/AbstractSerializer.h; sourceTree = "<group>"; };
		72FE5B591C58F75700C804F3 /* AbstractSerializer.m */ = {isa = PBXFileReference; fileEncoding = 4; lastKnownFileType = sourcecode.c.objc; name = AbstractSerializer.m; path = Classes/BusinessLogic/ServiceLayer/AbstractSerializer.m; sourceTree = "<group>"; };
		72FE5B5A1C58F75700C804F3 /* ServiceLayer.h */ = {isa = PBXFileReference; fileEncoding = 4; lastKnownFileType = sourcecode.c.h; name = ServiceLayer.h; path = Classes/BusinessLogic/ServiceLayer/ServiceLayer.h; sourceTree = "<group>"; };
		72FE5B5B1C58F75700C804F3 /* ServiceLayer.m */ = {isa = PBXFileReference; fileEncoding = 4; lastKnownFileType = sourcecode.c.objc; name = ServiceLayer.m; path = Classes/BusinessLogic/ServiceLayer/ServiceLayer.m; sourceTree = "<group>"; };
		72FE5B621C58F82900C804F3 /* Constants.h */ = {isa = PBXFileReference; fileEncoding = 4; lastKnownFileType = sourcecode.c.h; name = Constants.h; path = Classes/Constants.h; sourceTree = "<group>"; };
		72FE5B631C58F82900C804F3 /* Constants.m */ = {isa = PBXFileReference; fileEncoding = 4; lastKnownFileType = sourcecode.c.objc; name = Constants.m; path = Classes/Constants.m; sourceTree = "<group>"; };
		72FE5B651C58FE2700C804F3 /* VenueTests.m */ = {isa = PBXFileReference; fileEncoding = 4; lastKnownFileType = sourcecode.c.objc; path = VenueTests.m; sourceTree = "<group>"; };
		72FE5B691C58FECD00C804F3 /* CoreDataStack.h */ = {isa = PBXFileReference; fileEncoding = 4; lastKnownFileType = sourcecode.c.h; name = CoreDataStack.h; path = Classes/BusinessLogic/DataManager/CoreDataStack.h; sourceTree = "<group>"; };
		72FE5B6A1C58FECD00C804F3 /* CoreDataStack.m */ = {isa = PBXFileReference; fileEncoding = 4; lastKnownFileType = sourcecode.c.objc; name = CoreDataStack.m; path = Classes/BusinessLogic/DataManager/CoreDataStack.m; sourceTree = "<group>"; };
		72FE5B6D1C58FEF100C804F3 /* Model.xcdatamodel */ = {isa = PBXFileReference; lastKnownFileType = wrapper.xcdatamodel; path = Model.xcdatamodel; sourceTree = "<group>"; };
		72FE5B6F1C59017600C804F3 /* ServiceRegistry.h */ = {isa = PBXFileReference; fileEncoding = 4; lastKnownFileType = sourcecode.c.h; name = ServiceRegistry.h; path = Classes/BusinessLogic/ServiceRegistry.h; sourceTree = "<group>"; };
		72FE5B701C59017600C804F3 /* ServiceRegistry.m */ = {isa = PBXFileReference; fileEncoding = 4; lastKnownFileType = sourcecode.c.objc; name = ServiceRegistry.m; path = Classes/BusinessLogic/ServiceRegistry.m; sourceTree = "<group>"; };
		72FE5B721C5902AF00C804F3 /* ServiceRegistryTests.m */ = {isa = PBXFileReference; fileEncoding = 4; lastKnownFileType = sourcecode.c.objc; path = ServiceRegistryTests.m; sourceTree = "<group>"; };
		72FE5B741C59062E00C804F3 /* Venue+CoreDataProperties.h */ = {isa = PBXFileReference; fileEncoding = 4; lastKnownFileType = sourcecode.c.h; name = "Venue+CoreDataProperties.h"; path = "Classes/BusinessLogic/Model/Venue+CoreDataProperties.h"; sourceTree = "<group>"; };
		72FE5B751C59062E00C804F3 /* Venue+CoreDataProperties.m */ = {isa = PBXFileReference; fileEncoding = 4; lastKnownFileType = sourcecode.c.objc; name = "Venue+CoreDataProperties.m"; path = "Classes/BusinessLogic/Model/Venue+CoreDataProperties.m"; sourceTree = "<group>"; };
		72FE5B761C59062E00C804F3 /* Venue.h */ = {isa = PBXFileReference; fileEncoding = 4; lastKnownFileType = sourcecode.c.h; name = Venue.h; path = Classes/BusinessLogic/Model/Venue.h; sourceTree = "<group>"; };
		72FE5B771C59062E00C804F3 /* Venue.m */ = {isa = PBXFileReference; fileEncoding = 4; lastKnownFileType = sourcecode.c.objc; name = Venue.m; path = Classes/BusinessLogic/Model/Venue.m; sourceTree = "<group>"; };
		72FE5B7C1C590AF400C804F3 /* Location+CoreDataProperties.h */ = {isa = PBXFileReference; fileEncoding = 4; lastKnownFileType = sourcecode.c.h; name = "Location+CoreDataProperties.h"; path = "Classes/BusinessLogic/Model/Location+CoreDataProperties.h"; sourceTree = "<group>"; };
		72FE5B7D1C590AF400C804F3 /* Location+CoreDataProperties.m */ = {isa = PBXFileReference; fileEncoding = 4; lastKnownFileType = sourcecode.c.objc; name = "Location+CoreDataProperties.m"; path = "Classes/BusinessLogic/Model/Location+CoreDataProperties.m"; sourceTree = "<group>"; };
		72FE5B7E1C590AF400C804F3 /* Location.h */ = {isa = PBXFileReference; fileEncoding = 4; lastKnownFileType = sourcecode.c.h; name = Location.h; path = Classes/BusinessLogic/Model/Location.h; sourceTree = "<group>"; };
		72FE5B7F1C590AF400C804F3 /* Location.m */ = {isa = PBXFileReference; fileEncoding = 4; lastKnownFileType = sourcecode.c.objc; name = Location.m; path = Classes/BusinessLogic/Model/Location.m; sourceTree = "<group>"; };
		72FE5B841C590C4200C804F3 /* LocationTests.m */ = {isa = PBXFileReference; fileEncoding = 4; lastKnownFileType = sourcecode.c.objc; path = LocationTests.m; sourceTree = "<group>"; };
		72FE5B861C59107A00C804F3 /* PhotoTests.m */ = {isa = PBXFileReference; fileEncoding = 4; lastKnownFileType = sourcecode.c.objc; path = PhotoTests.m; sourceTree = "<group>"; };
		72FE5B881C59109800C804F3 /* PhotoGroupTests.m */ = {isa = PBXFileReference; fileEncoding = 4; lastKnownFileType = sourcecode.c.objc; path = PhotoGroupTests.m; sourceTree = "<group>"; };
		72FE5B8A1C5910AD00C804F3 /* PhotoItemsTests.m */ = {isa = PBXFileReference; fileEncoding = 4; lastKnownFileType = sourcecode.c.objc; path = PhotoItemsTests.m; sourceTree = "<group>"; };
		72FE5B8C1C59118400C804F3 /* Photo+CoreDataProperties.h */ = {isa = PBXFileReference; fileEncoding = 4; lastKnownFileType = sourcecode.c.h; name = "Photo+CoreDataProperties.h"; path = "Classes/BusinessLogic/Model/Photo+CoreDataProperties.h"; sourceTree = "<group>"; };
		72FE5B8D1C59118400C804F3 /* Photo+CoreDataProperties.m */ = {isa = PBXFileReference; fileEncoding = 4; lastKnownFileType = sourcecode.c.objc; name = "Photo+CoreDataProperties.m"; path = "Classes/BusinessLogic/Model/Photo+CoreDataProperties.m"; sourceTree = "<group>"; };
		72FE5B8E1C59118400C804F3 /* Photo.h */ = {isa = PBXFileReference; fileEncoding = 4; lastKnownFileType = sourcecode.c.h; name = Photo.h; path = Classes/BusinessLogic/Model/Photo.h; sourceTree = "<group>"; };
		72FE5B8F1C59118400C804F3 /* Photo.m */ = {isa = PBXFileReference; fileEncoding = 4; lastKnownFileType = sourcecode.c.objc; name = Photo.m; path = Classes/BusinessLogic/Model/Photo.m; sourceTree = "<group>"; };
		72FE5B941C591A4600C804F3 /* PhotoItem+CoreDataProperties.h */ = {isa = PBXFileReference; fileEncoding = 4; lastKnownFileType = sourcecode.c.h; name = "PhotoItem+CoreDataProperties.h"; path = "Classes/BusinessLogic/Model/PhotoItem+CoreDataProperties.h"; sourceTree = "<group>"; };
		72FE5B951C591A4600C804F3 /* PhotoItem+CoreDataProperties.m */ = {isa = PBXFileReference; fileEncoding = 4; lastKnownFileType = sourcecode.c.objc; name = "PhotoItem+CoreDataProperties.m"; path = "Classes/BusinessLogic/Model/PhotoItem+CoreDataProperties.m"; sourceTree = "<group>"; };
		72FE5B961C591A4600C804F3 /* PhotoItem.h */ = {isa = PBXFileReference; fileEncoding = 4; lastKnownFileType = sourcecode.c.h; name = PhotoItem.h; path = Classes/BusinessLogic/Model/PhotoItem.h; sourceTree = "<group>"; };
		72FE5B971C591A4600C804F3 /* PhotoItem.m */ = {isa = PBXFileReference; fileEncoding = 4; lastKnownFileType = sourcecode.c.objc; name = PhotoItem.m; path = Classes/BusinessLogic/Model/PhotoItem.m; sourceTree = "<group>"; };
		72FE5B981C591A4600C804F3 /* PhotoGroup+CoreDataProperties.h */ = {isa = PBXFileReference; fileEncoding = 4; lastKnownFileType = sourcecode.c.h; name = "PhotoGroup+CoreDataProperties.h"; path = "Classes/BusinessLogic/Model/PhotoGroup+CoreDataProperties.h"; sourceTree = "<group>"; };
		72FE5B991C591A4600C804F3 /* PhotoGroup+CoreDataProperties.m */ = {isa = PBXFileReference; fileEncoding = 4; lastKnownFileType = sourcecode.c.objc; name = "PhotoGroup+CoreDataProperties.m"; path = "Classes/BusinessLogic/Model/PhotoGroup+CoreDataProperties.m"; sourceTree = "<group>"; };
		72FE5B9A1C591A4600C804F3 /* PhotoGroup.h */ = {isa = PBXFileReference; fileEncoding = 4; lastKnownFileType = sourcecode.c.h; name = PhotoGroup.h; path = Classes/BusinessLogic/Model/PhotoGroup.h; sourceTree = "<group>"; };
		72FE5B9B1C591A4600C804F3 /* PhotoGroup.m */ = {isa = PBXFileReference; fileEncoding = 4; lastKnownFileType = sourcecode.c.objc; name = PhotoGroup.m; path = Classes/BusinessLogic/Model/PhotoGroup.m; sourceTree = "<group>"; };
		72FE5BA41C5AAF3F00C804F3 /* VenueCreationWorkflowTests.m */ = {isa = PBXFileReference; fileEncoding = 4; lastKnownFileType = sourcecode.c.objc; path = VenueCreationWorkflowTests.m; sourceTree = "<group>"; };
		72FE5BB71C5ABBBF00C804F3 /* VenueService.h */ = {isa = PBXFileReference; fileEncoding = 4; lastKnownFileType = sourcecode.c.h; name = VenueService.h; path = Classes/BusinessLogic/ServiceLayer/Venue/VenueService.h; sourceTree = "<group>"; };
		72FE5BB81C5ABBBF00C804F3 /* VenueService.m */ = {isa = PBXFileReference; fileEncoding = 4; lastKnownFileType = sourcecode.c.objc; name = VenueService.m; path = Classes/BusinessLogic/ServiceLayer/Venue/VenueService.m; sourceTree = "<group>"; };
		72FE5BBB1C5ABBDA00C804F3 /* VenueCache.h */ = {isa = PBXFileReference; fileEncoding = 4; lastKnownFileType = sourcecode.c.h; name = VenueCache.h; path = Classes/BusinessLogic/ServiceLayer/Venue/VenueCache.h; sourceTree = "<group>"; };
		72FE5BBC1C5ABBDA00C804F3 /* VenueCache.m */ = {isa = PBXFileReference; fileEncoding = 4; lastKnownFileType = sourcecode.c.objc; name = VenueCache.m; path = Classes/BusinessLogic/ServiceLayer/Venue/VenueCache.m; sourceTree = "<group>"; };
		72FE5BBF1C5ABBF100C804F3 /* VenueTransport.h */ = {isa = PBXFileReference; fileEncoding = 4; lastKnownFileType = sourcecode.c.h; name = VenueTransport.h; path = Classes/BusinessLogic/ServiceLayer/Venue/VenueTransport.h; sourceTree = "<group>"; };
		72FE5BC01C5ABBF100C804F3 /* VenueTransport.m */ = {isa = PBXFileReference; fileEncoding = 4; lastKnownFileType = sourcecode.c.objc; name = VenueTransport.m; path = Classes/BusinessLogic/ServiceLayer/Venue/VenueTransport.m; sourceTree = "<group>"; };
		72FE5BC31C5ABC0F00C804F3 /* VenueParser.h */ = {isa = PBXFileReference; fileEncoding = 4; lastKnownFileType = sourcecode.c.h; name = VenueParser.h; path = Classes/BusinessLogic/ServiceLayer/Venue/VenueParser.h; sourceTree = "<group>"; };
		72FE5BC41C5ABC0F00C804F3 /* VenueParser.m */ = {isa = PBXFileReference; fileEncoding = 4; lastKnownFileType = sourcecode.c.objc; name = VenueParser.m; path = Classes/BusinessLogic/ServiceLayer/Venue/VenueParser.m; sourceTree = "<group>"; };
		72FE5BC71C5ABCC800C804F3 /* VenueServiceDelegate.h */ = {isa = PBXFileReference; fileEncoding = 4; lastKnownFileType = sourcecode.c.h; name = VenueServiceDelegate.h; path = Classes/BusinessLogic/ServiceLayer/Venue/VenueServiceDelegate.h; sourceTree = "<group>"; };
		72FE5BC81C5ABD0900C804F3 /* MockVenueServiceDelegate.h */ = {isa = PBXFileReference; fileEncoding = 4; lastKnownFileType = sourcecode.c.h; path = MockVenueServiceDelegate.h; sourceTree = "<group>"; };
		72FE5BC91C5ABD0900C804F3 /* MockVenueServiceDelegate.m */ = {isa = PBXFileReference; fileEncoding = 4; lastKnownFileType = sourcecode.c.objc; path = MockVenueServiceDelegate.m; sourceTree = "<group>"; };
		72FE5BCC1C5ABD5C00C804F3 /* MockVenueTransport.h */ = {isa = PBXFileReference; fileEncoding = 4; lastKnownFileType = sourcecode.c.h; path = MockVenueTransport.h; sourceTree = "<group>"; };
		72FE5BCD1C5ABD5C00C804F3 /* MockVenueTransport.m */ = {isa = PBXFileReference; fileEncoding = 4; lastKnownFileType = sourcecode.c.objc; path = MockVenueTransport.m; sourceTree = "<group>"; };
		72FE5BD01C5ACBB600C804F3 /* MockVenueParser.h */ = {isa = PBXFileReference; fileEncoding = 4; lastKnownFileType = sourcecode.c.h; path = MockVenueParser.h; sourceTree = "<group>"; };
		72FE5BD11C5ACBB600C804F3 /* MockVenueParser.m */ = {isa = PBXFileReference; fileEncoding = 4; lastKnownFileType = sourcecode.c.objc; path = MockVenueParser.m; sourceTree = "<group>"; };
		72FE5BD41C5B9E5D00C804F3 /* VenueParserTests.m */ = {isa = PBXFileReference; fileEncoding = 4; lastKnownFileType = sourcecode.c.objc; path = VenueParserTests.m; sourceTree = "<group>"; };
		72FE5BD81C5BAF7C00C804F3 /* venueJSON.json */ = {isa = PBXFileReference; fileEncoding = 4; lastKnownFileType = text.json; name = venueJSON.json; path = Resources/venueJSON.json; sourceTree = "<group>"; };
		72FE5BDA1C5CAD2800C804F3 /* venuesJSON.json */ = {isa = PBXFileReference; fileEncoding = 4; lastKnownFileType = text.json; name = venuesJSON.json; path = Resources/venuesJSON.json; sourceTree = "<group>"; };
		D593059EE3A6088247D25F8C /* libPods.a */ = {isa = PBXFileReference; explicitFileType = archive.ar; includeInIndex = 0; path = libPods.a; sourceTree = BUILT_PRODUCTS_DIR; };
/* End PBXFileReference section */

/* Begin PBXFrameworksBuildPhase section */
		72FE5B151C58EDCE00C804F3 /* Frameworks */ = {
			isa = PBXFrameworksBuildPhase;
			buildActionMask = 2147483647;
			files = (
				5890003C040C3750F45E054B /* libPods.a in Frameworks */,
			);
			runOnlyForDeploymentPostprocessing = 0;
		};
		72FE5B311C58EDCF00C804F3 /* Frameworks */ = {
			isa = PBXFrameworksBuildPhase;
			buildActionMask = 2147483647;
			files = (
			);
			runOnlyForDeploymentPostprocessing = 0;
		};
/* End PBXFrameworksBuildPhase section */

/* Begin PBXGroup section */
		0EE319238FD15429DFCA1C0D /* Frameworks */ = {
			isa = PBXGroup;
			children = (
				D593059EE3A6088247D25F8C /* libPods.a */,
			);
			name = Frameworks;
			sourceTree = "<group>";
		};
		72FE5B0F1C58EDCE00C804F3 = {
			isa = PBXGroup;
			children = (
				72FE5B1A1C58EDCE00C804F3 /* Forsquare */,
				72FE5B371C58EDCF00C804F3 /* ForsquareTests */,
				72FE5B191C58EDCE00C804F3 /* Products */,
				96A11E275EC7874780427C8D /* Pods */,
				0EE319238FD15429DFCA1C0D /* Frameworks */,
			);
			sourceTree = "<group>";
		};
		72FE5B191C58EDCE00C804F3 /* Products */ = {
			isa = PBXGroup;
			children = (
				72FE5B181C58EDCE00C804F3 /* Forsquare.app */,
				72FE5B341C58EDCF00C804F3 /* ForsquareTests.xctest */,
			);
			name = Products;
			sourceTree = "<group>";
		};
		72FE5B1A1C58EDCE00C804F3 /* Forsquare */ = {
			isa = PBXGroup;
			children = (
				72FE5B451C58F66C00C804F3 /* External */,
				72FE5B441C58F66600C804F3 /* Resources */,
				72FE5B431C58F65F00C804F3 /* Classes */,
				72FE5B1E1C58EDCE00C804F3 /* AppDelegate.h */,
				72FE5B1F1C58EDCE00C804F3 /* AppDelegate.m */,
				72FE5B211C58EDCE00C804F3 /* MasterViewController.h */,
				72FE5B221C58EDCE00C804F3 /* MasterViewController.m */,
				72FE5B241C58EDCE00C804F3 /* DetailViewController.h */,
				72FE5B251C58EDCE00C804F3 /* DetailViewController.m */,
				72FE5B271C58EDCF00C804F3 /* Main.storyboard */,
				72FE5B2A1C58EDCF00C804F3 /* Assets.xcassets */,
				72FE5B2C1C58EDCF00C804F3 /* LaunchScreen.storyboard */,
				72FE5B2F1C58EDCF00C804F3 /* Info.plist */,
				72FE5B1B1C58EDCE00C804F3 /* Supporting Files */,
			);
			path = Forsquare;
			sourceTree = "<group>";
		};
		72FE5B1B1C58EDCE00C804F3 /* Supporting Files */ = {
			isa = PBXGroup;
			children = (
				72FE5B1C1C58EDCE00C804F3 /* main.m */,
			);
			name = "Supporting Files";
			sourceTree = "<group>";
		};
		72FE5B371C58EDCF00C804F3 /* ForsquareTests */ = {
			isa = PBXGroup;
			children = (
				72FE5BA71C5AB48900C804F3 /* Mocks */,
				72FE5B671C58FE3200C804F3 /* Model */,
				72FE5B3A1C58EDCF00C804F3 /* Info.plist */,
				72FE5B721C5902AF00C804F3 /* ServiceRegistryTests.m */,
			);
			path = ForsquareTests;
			sourceTree = "<group>";
		};
		72FE5B431C58F65F00C804F3 /* Classes */ = {
			isa = PBXGroup;
			children = (
				72FE5B621C58F82900C804F3 /* Constants.h */,
				72FE5B631C58F82900C804F3 /* Constants.m */,
				72FE5B4A1C58F69A00C804F3 /* BusinessLogic */,
				72FE5B4B1C58F6A700C804F3 /* ViewControllers */,
			);
			name = Classes;
			sourceTree = "<group>";
		};
		72FE5B441C58F66600C804F3 /* Resources */ = {
			isa = PBXGroup;
			children = (
				72FE5BDA1C5CAD2800C804F3 /* venuesJSON.json */,
				72FE5BD81C5BAF7C00C804F3 /* venueJSON.json */,
				72FE5B6C1C58FEF100C804F3 /* Model.xcdatamodeld */,
			);
			name = Resources;
			sourceTree = "<group>";
		};
		72FE5B451C58F66C00C804F3 /* External */ = {
			isa = PBXGroup;
			children = (
			);
			name = External;
			sourceTree = "<group>";
		};
		72FE5B4A1C58F69A00C804F3 /* BusinessLogic */ = {
			isa = PBXGroup;
			children = (
				72FE5B6F1C59017600C804F3 /* ServiceRegistry.h */,
				72FE5B701C59017600C804F3 /* ServiceRegistry.m */,
				72FE5B681C58FEBB00C804F3 /* CoreDataStack */,
				72FE5B4E1C58F6C400C804F3 /* ServiceLayer */,
				72FE5B4D1C58F6BF00C804F3 /* Model */,
				72FE5B4C1C58F6B900C804F3 /* Helpers */,
			);
			name = BusinessLogic;
			sourceTree = "<group>";
		};
		72FE5B4B1C58F6A700C804F3 /* ViewControllers */ = {
			isa = PBXGroup;
			children = (
			);
			name = ViewControllers;
			sourceTree = "<group>";
		};
		72FE5B4C1C58F6B900C804F3 /* Helpers */ = {
			isa = PBXGroup;
			children = (
			);
			name = Helpers;
			sourceTree = "<group>";
		};
		72FE5B4D1C58F6BF00C804F3 /* Model */ = {
			isa = PBXGroup;
			children = (
				72FE5B741C59062E00C804F3 /* Venue+CoreDataProperties.h */,
				72FE5B751C59062E00C804F3 /* Venue+CoreDataProperties.m */,
				72FE5B761C59062E00C804F3 /* Venue.h */,
				72FE5B771C59062E00C804F3 /* Venue.m */,
				72FE5B7C1C590AF400C804F3 /* Location+CoreDataProperties.h */,
				72FE5B7D1C590AF400C804F3 /* Location+CoreDataProperties.m */,
				72FE5B7E1C590AF400C804F3 /* Location.h */,
				72FE5B7F1C590AF400C804F3 /* Location.m */,
				72FE5B8C1C59118400C804F3 /* Photo+CoreDataProperties.h */,
				72FE5B8D1C59118400C804F3 /* Photo+CoreDataProperties.m */,
				72FE5B8E1C59118400C804F3 /* Photo.h */,
				72FE5B8F1C59118400C804F3 /* Photo.m */,
				72FE5B941C591A4600C804F3 /* PhotoItem+CoreDataProperties.h */,
				72FE5B951C591A4600C804F3 /* PhotoItem+CoreDataProperties.m */,
				72FE5B961C591A4600C804F3 /* PhotoItem.h */,
				72FE5B971C591A4600C804F3 /* PhotoItem.m */,
				72FE5B981C591A4600C804F3 /* PhotoGroup+CoreDataProperties.h */,
				72FE5B991C591A4600C804F3 /* PhotoGroup+CoreDataProperties.m */,
				72FE5B9A1C591A4600C804F3 /* PhotoGroup.h */,
				72FE5B9B1C591A4600C804F3 /* PhotoGroup.m */,
			);
			name = Model;
			sourceTree = "<group>";
		};
		72FE5B4E1C58F6C400C804F3 /* ServiceLayer */ = {
			isa = PBXGroup;
			children = (
				72FE5B4F1C58F6D400C804F3 /* Venue */,
				72FE5B521C58F75700C804F3 /* AbstractCache.h */,
				72FE5B531C58F75700C804F3 /* AbstractCache.m */,
				72FE5B541C58F75700C804F3 /* AbstractEntityService.h */,
				72FE5B551C58F75700C804F3 /* AbstractEntityService.m */,
				72FE5B561C58F75700C804F3 /* AbstractParser.h */,
				72FE5B571C58F75700C804F3 /* AbstractParser.m */,
				72FE5B581C58F75700C804F3 /* AbstractSerializer.h */,
				72FE5B591C58F75700C804F3 /* AbstractSerializer.m */,
				72FE5B511C58F75700C804F3 /* AbstractTransport.h */,
				72FE5B501C58F75700C804F3 /* AbstractTransport.m */,
				72FE5B5A1C58F75700C804F3 /* ServiceLayer.h */,
				72FE5B5B1C58F75700C804F3 /* ServiceLayer.m */,
			);
			name = ServiceLayer;
			sourceTree = "<group>";
		};
		72FE5B4F1C58F6D400C804F3 /* Venue */ = {
			isa = PBXGroup;
			children = (
				72FE5BC71C5ABCC800C804F3 /* VenueServiceDelegate.h */,
				72FE5BB71C5ABBBF00C804F3 /* VenueService.h */,
				72FE5BB81C5ABBBF00C804F3 /* VenueService.m */,
				72FE5BBB1C5ABBDA00C804F3 /* VenueCache.h */,
				72FE5BBC1C5ABBDA00C804F3 /* VenueCache.m */,
				72FE5BBF1C5ABBF100C804F3 /* VenueTransport.h */,
				72FE5BC01C5ABBF100C804F3 /* VenueTransport.m */,
				72FE5BC31C5ABC0F00C804F3 /* VenueParser.h */,
				72FE5BC41C5ABC0F00C804F3 /* VenueParser.m */,
			);
			name = Venue;
			sourceTree = "<group>";
		};
		72FE5B671C58FE3200C804F3 /* Model */ = {
			isa = PBXGroup;
			children = (
				72FE5B651C58FE2700C804F3 /* VenueTests.m */,
				72FE5B841C590C4200C804F3 /* LocationTests.m */,
				72FE5B861C59107A00C804F3 /* PhotoTests.m */,
				72FE5B881C59109800C804F3 /* PhotoGroupTests.m */,
				72FE5B8A1C5910AD00C804F3 /* PhotoItemsTests.m */,
				72FE5BA41C5AAF3F00C804F3 /* VenueCreationWorkflowTests.m */,
				72FE5BD41C5B9E5D00C804F3 /* VenueParserTests.m */,
			);
			name = Model;
			sourceTree = "<group>";
		};
		72FE5B681C58FEBB00C804F3 /* CoreDataStack */ = {
			isa = PBXGroup;
			children = (
				72FE5B691C58FECD00C804F3 /* CoreDataStack.h */,
				72FE5B6A1C58FECD00C804F3 /* CoreDataStack.m */,
			);
			name = CoreDataStack;
			sourceTree = "<group>";
		};
		72FE5BA71C5AB48900C804F3 /* Mocks */ = {
			isa = PBXGroup;
			children = (
				72FE5BC81C5ABD0900C804F3 /* MockVenueServiceDelegate.h */,
				72FE5BC91C5ABD0900C804F3 /* MockVenueServiceDelegate.m */,
				72FE5BCC1C5ABD5C00C804F3 /* MockVenueTransport.h */,
				72FE5BCD1C5ABD5C00C804F3 /* MockVenueTransport.m */,
				72FE5BD01C5ACBB600C804F3 /* MockVenueParser.h */,
				72FE5BD11C5ACBB600C804F3 /* MockVenueParser.m */,
			);
			name = Mocks;
			sourceTree = "<group>";
		};
		96A11E275EC7874780427C8D /* Pods */ = {
			isa = PBXGroup;
			children = (
				5057D7A736C541CAF30DFF2F /* Pods.debug.xcconfig */,
				010DB9C87803CCC45440C8D1 /* Pods.release.xcconfig */,
			);
			name = Pods;
			sourceTree = "<group>";
		};
/* End PBXGroup section */

/* Begin PBXNativeTarget section */
		72FE5B171C58EDCE00C804F3 /* Forsquare */ = {
			isa = PBXNativeTarget;
			buildConfigurationList = 72FE5B3D1C58EDCF00C804F3 /* Build configuration list for PBXNativeTarget "Forsquare" */;
			buildPhases = (
				B6D7A102A4691376897097DF /* Check Pods Manifest.lock */,
				72FE5B141C58EDCE00C804F3 /* Sources */,
				72FE5B151C58EDCE00C804F3 /* Frameworks */,
				72FE5B161C58EDCE00C804F3 /* Resources */,
				C8C8688DB108CE06FEC66C30 /* Embed Pods Frameworks */,
				8C28A0A4E45ABDF417BA37C9 /* Copy Pods Resources */,
			);
			buildRules = (
			);
			dependencies = (
			);
			name = Forsquare;
			productName = Forsquare;
			productReference = 72FE5B181C58EDCE00C804F3 /* Forsquare.app */;
			productType = "com.apple.product-type.application";
		};
		72FE5B331C58EDCF00C804F3 /* ForsquareTests */ = {
			isa = PBXNativeTarget;
			buildConfigurationList = 72FE5B401C58EDCF00C804F3 /* Build configuration list for PBXNativeTarget "ForsquareTests" */;
			buildPhases = (
				72FE5B301C58EDCF00C804F3 /* Sources */,
				72FE5B311C58EDCF00C804F3 /* Frameworks */,
				72FE5B321C58EDCF00C804F3 /* Resources */,
			);
			buildRules = (
			);
			dependencies = (
				72FE5B361C58EDCF00C804F3 /* PBXTargetDependency */,
			);
			name = ForsquareTests;
			productName = ForsquareTests;
			productReference = 72FE5B341C58EDCF00C804F3 /* ForsquareTests.xctest */;
			productType = "com.apple.product-type.bundle.unit-test";
		};
/* End PBXNativeTarget section */

/* Begin PBXProject section */
		72FE5B101C58EDCE00C804F3 /* Project object */ = {
			isa = PBXProject;
			attributes = {
				LastUpgradeCheck = 0720;
				ORGANIZATIONNAME = KovalchukCo;
				TargetAttributes = {
					72FE5B171C58EDCE00C804F3 = {
						CreatedOnToolsVersion = 7.2;
					};
					72FE5B331C58EDCF00C804F3 = {
						CreatedOnToolsVersion = 7.2;
						TestTargetID = 72FE5B171C58EDCE00C804F3;
					};
				};
			};
			buildConfigurationList = 72FE5B131C58EDCE00C804F3 /* Build configuration list for PBXProject "Forsquare" */;
			compatibilityVersion = "Xcode 3.2";
			developmentRegion = English;
			hasScannedForEncodings = 0;
			knownRegions = (
				en,
				Base,
			);
			mainGroup = 72FE5B0F1C58EDCE00C804F3;
			productRefGroup = 72FE5B191C58EDCE00C804F3 /* Products */;
			projectDirPath = "";
			projectRoot = "";
			targets = (
				72FE5B171C58EDCE00C804F3 /* Forsquare */,
				72FE5B331C58EDCF00C804F3 /* ForsquareTests */,
			);
		};
/* End PBXProject section */

/* Begin PBXResourcesBuildPhase section */
		72FE5B161C58EDCE00C804F3 /* Resources */ = {
			isa = PBXResourcesBuildPhase;
			buildActionMask = 2147483647;
			files = (
				72FE5B2E1C58EDCF00C804F3 /* LaunchScreen.storyboard in Resources */,
				72FE5BDB1C5CAD2800C804F3 /* venuesJSON.json in Resources */,
				72FE5B2B1C58EDCF00C804F3 /* Assets.xcassets in Resources */,
				72FE5B291C58EDCF00C804F3 /* Main.storyboard in Resources */,
				72FE5BD91C5BAF7C00C804F3 /* venueJSON.json in Resources */,
			);
			runOnlyForDeploymentPostprocessing = 0;
		};
		72FE5B321C58EDCF00C804F3 /* Resources */ = {
			isa = PBXResourcesBuildPhase;
			buildActionMask = 2147483647;
			files = (
			);
			runOnlyForDeploymentPostprocessing = 0;
		};
/* End PBXResourcesBuildPhase section */

/* Begin PBXShellScriptBuildPhase section */
		8C28A0A4E45ABDF417BA37C9 /* Copy Pods Resources */ = {
			isa = PBXShellScriptBuildPhase;
			buildActionMask = 2147483647;
			files = (
			);
			inputPaths = (
			);
			name = "Copy Pods Resources";
			outputPaths = (
			);
			runOnlyForDeploymentPostprocessing = 0;
			shellPath = /bin/sh;
			shellScript = "\"${SRCROOT}/Pods/Target Support Files/Pods/Pods-resources.sh\"\n";
			showEnvVarsInLog = 0;
		};
		B6D7A102A4691376897097DF /* Check Pods Manifest.lock */ = {
			isa = PBXShellScriptBuildPhase;
			buildActionMask = 2147483647;
			files = (
			);
			inputPaths = (
			);
			name = "Check Pods Manifest.lock";
			outputPaths = (
			);
			runOnlyForDeploymentPostprocessing = 0;
			shellPath = /bin/sh;
			shellScript = "diff \"${PODS_ROOT}/../Podfile.lock\" \"${PODS_ROOT}/Manifest.lock\" > /dev/null\nif [[ $? != 0 ]] ; then\n    cat << EOM\nerror: The sandbox is not in sync with the Podfile.lock. Run 'pod install' or update your CocoaPods installation.\nEOM\n    exit 1\nfi\n";
			showEnvVarsInLog = 0;
		};
		C8C8688DB108CE06FEC66C30 /* Embed Pods Frameworks */ = {
			isa = PBXShellScriptBuildPhase;
			buildActionMask = 2147483647;
			files = (
			);
			inputPaths = (
			);
			name = "Embed Pods Frameworks";
			outputPaths = (
			);
			runOnlyForDeploymentPostprocessing = 0;
			shellPath = /bin/sh;
			shellScript = "\"${SRCROOT}/Pods/Target Support Files/Pods/Pods-frameworks.sh\"\n";
			showEnvVarsInLog = 0;
		};
/* End PBXShellScriptBuildPhase section */

/* Begin PBXSourcesBuildPhase section */
		72FE5B141C58EDCE00C804F3 /* Sources */ = {
			isa = PBXSourcesBuildPhase;
			buildActionMask = 2147483647;
			files = (
				72FE5B641C58F82900C804F3 /* Constants.m in Sources */,
				72FE5B9E1C591A4600C804F3 /* PhotoItem.m in Sources */,
				72FE5B6B1C58FECD00C804F3 /* CoreDataStack.m in Sources */,
				72FE5BC11C5ABBF100C804F3 /* VenueTransport.m in Sources */,
				72FE5BA01C591A4600C804F3 /* PhotoGroup+CoreDataProperties.m in Sources */,
				72FE5BBD1C5ABBDA00C804F3 /* VenueCache.m in Sources */,
				72FE5B5E1C58F75700C804F3 /* AbstractEntityService.m in Sources */,
				72FE5B601C58F75700C804F3 /* AbstractSerializer.m in Sources */,
				72FE5B821C590AF400C804F3 /* Location.m in Sources */,
				72FE5B5D1C58F75700C804F3 /* AbstractCache.m in Sources */,
				72FE5B901C59118400C804F3 /* Photo+CoreDataProperties.m in Sources */,
				72FE5B7A1C59062F00C804F3 /* Venue.m in Sources */,
				72FE5B921C59118400C804F3 /* Photo.m in Sources */,
				72FE5B201C58EDCE00C804F3 /* AppDelegate.m in Sources */,
				72FE5B9C1C591A4600C804F3 /* PhotoItem+CoreDataProperties.m in Sources */,
				72FE5B711C59017600C804F3 /* ServiceRegistry.m in Sources */,
				72FE5BC51C5ABC0F00C804F3 /* VenueParser.m in Sources */,
				72FE5BA21C591A4600C804F3 /* PhotoGroup.m in Sources */,
				72FE5B231C58EDCE00C804F3 /* MasterViewController.m in Sources */,
				72FE5BCE1C5ABD5C00C804F3 /* MockVenueTransport.m in Sources */,
				72FE5BD21C5ACBB600C804F3 /* MockVenueParser.m in Sources */,
				72FE5B611C58F75700C804F3 /* ServiceLayer.m in Sources */,
				72FE5B801C590AF400C804F3 /* Location+CoreDataProperties.m in Sources */,
				72FE5B5F1C58F75700C804F3 /* AbstractParser.m in Sources */,
				72FE5B1D1C58EDCE00C804F3 /* main.m in Sources */,
				72FE5B261C58EDCE00C804F3 /* DetailViewController.m in Sources */,
				72FE5BB91C5ABBBF00C804F3 /* VenueService.m in Sources */,
				72FE5B6E1C58FEF100C804F3 /* Model.xcdatamodeld in Sources */,
				72FE5B781C59062E00C804F3 /* Venue+CoreDataProperties.m in Sources */,
				72FE5BCA1C5ABD0900C804F3 /* MockVenueServiceDelegate.m in Sources */,
				72FE5B5C1C58F75700C804F3 /* AbstractTransport.m in Sources */,
			);
			runOnlyForDeploymentPostprocessing = 0;
		};
		72FE5B301C58EDCF00C804F3 /* Sources */ = {
			isa = PBXSourcesBuildPhase;
			buildActionMask = 2147483647;
			files = (
				72FE5B931C59118400C804F3 /* Photo.m in Sources */,
				72FE5BBA1C5ABBBF00C804F3 /* VenueService.m in Sources */,
				72FE5BA11C591A4600C804F3 /* PhotoGroup+CoreDataProperties.m in Sources */,
				72FE5B731C5902AF00C804F3 /* ServiceRegistryTests.m in Sources */,
				72FE5B8B1C5910AD00C804F3 /* PhotoItemsTests.m in Sources */,
				72FE5BA51C5AAF3F00C804F3 /* VenueCreationWorkflowTests.m in Sources */,
				72FE5B7B1C59062F00C804F3 /* Venue.m in Sources */,
				72FE5B811C590AF400C804F3 /* Location+CoreDataProperties.m in Sources */,
				72FE5BC21C5ABBF100C804F3 /* VenueTransport.m in Sources */,
				72FE5BBE1C5ABBDA00C804F3 /* VenueCache.m in Sources */,
				72FE5B791C59062F00C804F3 /* Venue+CoreDataProperties.m in Sources */,
				72FE5B871C59107A00C804F3 /* PhotoTests.m in Sources */,
				72FE5B911C59118400C804F3 /* Photo+CoreDataProperties.m in Sources */,
				72FE5BC61C5ABC0F00C804F3 /* VenueParser.m in Sources */,
				72FE5B891C59109800C804F3 /* PhotoGroupTests.m in Sources */,
				72FE5B851C590C4200C804F3 /* LocationTests.m in Sources */,
				72FE5B831C590AF400C804F3 /* Location.m in Sources */,
				72FE5BCB1C5ABD0900C804F3 /* MockVenueServiceDelegate.m in Sources */,
				72FE5BD51C5B9E5D00C804F3 /* VenueParserTests.m in Sources */,
				72FE5B9F1C591A4600C804F3 /* PhotoItem.m in Sources */,
				72FE5B661C58FE2700C804F3 /* VenueTests.m in Sources */,
				72FE5BCF1C5ABD5C00C804F3 /* MockVenueTransport.m in Sources */,
				72FE5BA31C591A4600C804F3 /* PhotoGroup.m in Sources */,
				72FE5BD31C5ACBB600C804F3 /* MockVenueParser.m in Sources */,
				72FE5B9D1C591A4600C804F3 /* PhotoItem+CoreDataProperties.m in Sources */,
			);
			runOnlyForDeploymentPostprocessing = 0;
		};
/* End PBXSourcesBuildPhase section */

/* Begin PBXTargetDependency section */
		72FE5B361C58EDCF00C804F3 /* PBXTargetDependency */ = {
			isa = PBXTargetDependency;
			target = 72FE5B171C58EDCE00C804F3 /* Forsquare */;
			targetProxy = 72FE5B351C58EDCF00C804F3 /* PBXContainerItemProxy */;
		};
/* End PBXTargetDependency section */

/* Begin PBXVariantGroup section */
		72FE5B271C58EDCF00C804F3 /* Main.storyboard */ = {
			isa = PBXVariantGroup;
			children = (
				72FE5B281C58EDCF00C804F3 /* Base */,
			);
			name = Main.storyboard;
			sourceTree = "<group>";
		};
		72FE5B2C1C58EDCF00C804F3 /* LaunchScreen.storyboard */ = {
			isa = PBXVariantGroup;
			children = (
				72FE5B2D1C58EDCF00C804F3 /* Base */,
			);
			name = LaunchScreen.storyboard;
			sourceTree = "<group>";
		};
/* End PBXVariantGroup section */

/* Begin XCBuildConfiguration section */
		72FE5B3B1C58EDCF00C804F3 /* Debug */ = {
			isa = XCBuildConfiguration;
			buildSettings = {
				ALWAYS_SEARCH_USER_PATHS = NO;
				CLANG_CXX_LANGUAGE_STANDARD = "gnu++0x";
				CLANG_CXX_LIBRARY = "libc++";
				CLANG_ENABLE_MODULES = YES;
				CLANG_ENABLE_OBJC_ARC = YES;
				CLANG_WARN_BOOL_CONVERSION = YES;
				CLANG_WARN_CONSTANT_CONVERSION = YES;
				CLANG_WARN_DIRECT_OBJC_ISA_USAGE = YES_ERROR;
				CLANG_WARN_EMPTY_BODY = YES;
				CLANG_WARN_ENUM_CONVERSION = YES;
				CLANG_WARN_INT_CONVERSION = YES;
				CLANG_WARN_OBJC_ROOT_CLASS = YES_ERROR;
				CLANG_WARN_UNREACHABLE_CODE = YES;
				CLANG_WARN__DUPLICATE_METHOD_MATCH = YES;
				"CODE_SIGN_IDENTITY[sdk=iphoneos*]" = "iPhone Developer";
				COPY_PHASE_STRIP = NO;
				DEBUG_INFORMATION_FORMAT = dwarf;
				ENABLE_STRICT_OBJC_MSGSEND = YES;
				ENABLE_TESTABILITY = YES;
				GCC_C_LANGUAGE_STANDARD = gnu99;
				GCC_DYNAMIC_NO_PIC = NO;
				GCC_NO_COMMON_BLOCKS = YES;
				GCC_OPTIMIZATION_LEVEL = 0;
				GCC_PREPROCESSOR_DEFINITIONS = (
					"DEBUG=1",
					"$(inherited)",
				);
				GCC_WARN_64_TO_32_BIT_CONVERSION = YES;
				GCC_WARN_ABOUT_RETURN_TYPE = YES_ERROR;
				GCC_WARN_UNDECLARED_SELECTOR = YES;
				GCC_WARN_UNINITIALIZED_AUTOS = YES_AGGRESSIVE;
				GCC_WARN_UNUSED_FUNCTION = YES;
				GCC_WARN_UNUSED_VARIABLE = YES;
				IPHONEOS_DEPLOYMENT_TARGET = 9.2;
				MTL_ENABLE_DEBUG_INFO = YES;
				ONLY_ACTIVE_ARCH = YES;
				SDKROOT = iphoneos;
			};
			name = Debug;
		};
		72FE5B3C1C58EDCF00C804F3 /* Release */ = {
			isa = XCBuildConfiguration;
			buildSettings = {
				ALWAYS_SEARCH_USER_PATHS = NO;
				CLANG_CXX_LANGUAGE_STANDARD = "gnu++0x";
				CLANG_CXX_LIBRARY = "libc++";
				CLANG_ENABLE_MODULES = YES;
				CLANG_ENABLE_OBJC_ARC = YES;
				CLANG_WARN_BOOL_CONVERSION = YES;
				CLANG_WARN_CONSTANT_CONVERSION = YES;
				CLANG_WARN_DIRECT_OBJC_ISA_USAGE = YES_ERROR;
				CLANG_WARN_EMPTY_BODY = YES;
				CLANG_WARN_ENUM_CONVERSION = YES;
				CLANG_WARN_INT_CONVERSION = YES;
				CLANG_WARN_OBJC_ROOT_CLASS = YES_ERROR;
				CLANG_WARN_UNREACHABLE_CODE = YES;
				CLANG_WARN__DUPLICATE_METHOD_MATCH = YES;
				"CODE_SIGN_IDENTITY[sdk=iphoneos*]" = "iPhone Developer";
				COPY_PHASE_STRIP = NO;
				DEBUG_INFORMATION_FORMAT = "dwarf-with-dsym";
				ENABLE_NS_ASSERTIONS = NO;
				ENABLE_STRICT_OBJC_MSGSEND = YES;
				GCC_C_LANGUAGE_STANDARD = gnu99;
				GCC_NO_COMMON_BLOCKS = YES;
				GCC_WARN_64_TO_32_BIT_CONVERSION = YES;
				GCC_WARN_ABOUT_RETURN_TYPE = YES_ERROR;
				GCC_WARN_UNDECLARED_SELECTOR = YES;
				GCC_WARN_UNINITIALIZED_AUTOS = YES_AGGRESSIVE;
				GCC_WARN_UNUSED_FUNCTION = YES;
				GCC_WARN_UNUSED_VARIABLE = YES;
				IPHONEOS_DEPLOYMENT_TARGET = 9.2;
				MTL_ENABLE_DEBUG_INFO = NO;
				SDKROOT = iphoneos;
				VALIDATE_PRODUCT = YES;
			};
			name = Release;
		};
		72FE5B3E1C58EDCF00C804F3 /* Debug */ = {
			isa = XCBuildConfiguration;
			baseConfigurationReference = 5057D7A736C541CAF30DFF2F /* Pods.debug.xcconfig */;
			buildSettings = {
				ASSETCATALOG_COMPILER_APPICON_NAME = AppIcon;
				INFOPLIST_FILE = Forsquare/Info.plist;
				LD_RUNPATH_SEARCH_PATHS = "$(inherited) @executable_path/Frameworks";
				PRODUCT_BUNDLE_IDENTIFIER = com.kovalgek.Forsquare;
				PRODUCT_NAME = "$(TARGET_NAME)";
			};
			name = Debug;
		};
		72FE5B3F1C58EDCF00C804F3 /* Release */ = {
			isa = XCBuildConfiguration;
			baseConfigurationReference = 010DB9C87803CCC45440C8D1 /* Pods.release.xcconfig */;
			buildSettings = {
				ASSETCATALOG_COMPILER_APPICON_NAME = AppIcon;
				INFOPLIST_FILE = Forsquare/Info.plist;
				LD_RUNPATH_SEARCH_PATHS = "$(inherited) @executable_path/Frameworks";
				PRODUCT_BUNDLE_IDENTIFIER = com.kovalgek.Forsquare;
				PRODUCT_NAME = "$(TARGET_NAME)";
			};
			name = Release;
		};
		72FE5B411C58EDCF00C804F3 /* Debug */ = {
			isa = XCBuildConfiguration;
			baseConfigurationReference = 5057D7A736C541CAF30DFF2F /* Pods.debug.xcconfig */;
			buildSettings = {
				BUNDLE_LOADER = "$(TEST_HOST)";
				INFOPLIST_FILE = ForsquareTests/Info.plist;
				LD_RUNPATH_SEARCH_PATHS = "$(inherited) @executable_path/Frameworks @loader_path/Frameworks";
				PRODUCT_BUNDLE_IDENTIFIER = com.kovalgek.ForsquareTests;
				PRODUCT_NAME = "$(TARGET_NAME)";
				TEST_HOST = "$(BUILT_PRODUCTS_DIR)/Forsquare.app/Forsquare";
			};
			name = Debug;
		};
		72FE5B421C58EDCF00C804F3 /* Release */ = {
			isa = XCBuildConfiguration;
			baseConfigurationReference = 010DB9C87803CCC45440C8D1 /* Pods.release.xcconfig */;
			buildSettings = {
				BUNDLE_LOADER = "$(TEST_HOST)";
				INFOPLIST_FILE = ForsquareTests/Info.plist;
				LD_RUNPATH_SEARCH_PATHS = "$(inherited) @executable_path/Frameworks @loader_path/Frameworks";
				PRODUCT_BUNDLE_IDENTIFIER = com.kovalgek.ForsquareTests;
				PRODUCT_NAME = "$(TARGET_NAME)";
				TEST_HOST = "$(BUILT_PRODUCTS_DIR)/Forsquare.app/Forsquare";
			};
			name = Release;
		};
/* End XCBuildConfiguration section */

/* Begin XCConfigurationList section */
		72FE5B131C58EDCE00C804F3 /* Build configuration list for PBXProject "Forsquare" */ = {
			isa = XCConfigurationList;
			buildConfigurations = (
				72FE5B3B1C58EDCF00C804F3 /* Debug */,
				72FE5B3C1C58EDCF00C804F3 /* Release */,
			);
			defaultConfigurationIsVisible = 0;
			defaultConfigurationName = Release;
		};
		72FE5B3D1C58EDCF00C804F3 /* Build configuration list for PBXNativeTarget "Forsquare" */ = {
			isa = XCConfigurationList;
			buildConfigurations = (
				72FE5B3E1C58EDCF00C804F3 /* Debug */,
				72FE5B3F1C58EDCF00C804F3 /* Release */,
			);
			defaultConfigurationIsVisible = 0;
			defaultConfigurationName = Release;
		};
		72FE5B401C58EDCF00C804F3 /* Build configuration list for PBXNativeTarget "ForsquareTests" */ = {
			isa = XCConfigurationList;
			buildConfigurations = (
				72FE5B411C58EDCF00C804F3 /* Debug */,
				72FE5B421C58EDCF00C804F3 /* Release */,
			);
			defaultConfigurationIsVisible = 0;
			defaultConfigurationName = Release;
		};
/* End XCConfigurationList section */

/* Begin XCVersionGroup section */
		72FE5B6C1C58FEF100C804F3 /* Model.xcdatamodeld */ = {
			isa = XCVersionGroup;
			children = (
				72FE5B6D1C58FEF100C804F3 /* Model.xcdatamodel */,
			);
			currentVersion = 72FE5B6D1C58FEF100C804F3 /* Model.xcdatamodel */;
			path = Model.xcdatamodeld;
			sourceTree = "<group>";
			versionGroupType = wrapper.xcdatamodel;
		};
/* End XCVersionGroup section */
	};
	rootObject = 72FE5B101C58EDCE00C804F3 /* Project object */;
}
